
Microsoft Visual Studio Solution File, Format Version 12.00
# Visual Studio Version 16
VisualStudioVersion = 16.0.31321.278
MinimumVisualStudioVersion = 10.0.40219.1
Project("{FAE04EC0-301F-11D3-BF4B-00C04F79EFBC}") = "Coder", "Coder.csproj", "{569A5A9C-24CD-444F-AB37-5D4C49D03AC3}"
EndProject
Global
	GlobalSection(SolutionConfigurationPlatforms) = preSolution
		Debug|Any CPU = Debug|Any CPU
		Release|Any CPU = Release|Any CPU
	EndGlobalSection
	GlobalSection(ProjectConfigurationPlatforms) = postSolution
		{569A5A9C-24CD-444F-AB37-5D4C49D03AC3}.Debug|Any CPU.ActiveCfg = Debug|Any CPU
		{569A5A9C-24CD-444F-AB37-5D4C49D03AC3}.Debug|Any CPU.Build.0 = Debug|Any CPU
		{569A5A9C-24CD-444F-AB37-5D4C49D03AC3}.Release|Any CPU.ActiveCfg = Release|Any CPU
		{569A5A9C-24CD-444F-AB37-5D4C49D03AC3}.Release|Any CPU.Build.0 = Release|Any CPU
	EndGlobalSection
	GlobalSection(SolutionProperties) = preSolution
		HideSolutionNode = FALSE
	EndGlobalSection
	GlobalSection(ExtensibilityGlobals) = postSolution
		SolutionGuid = {AECBA74A-7A1A-4BE3-AC2B-55469046A476}
	EndGlobalSection
EndGlobal
